
Microsoft Visual Studio Solution File, Format Version 12.00
# Visual Studio Version 16
VisualStudioVersion = 16.0.29123.89
MinimumVisualStudioVersion = 10.0.40219.1
Project("{2150E333-8FDC-42A3-9474-1A3956D46DE8}") = "src", "src", "{18DE22D4-DDF6-42FC-A96C-9BC29BA87651}"
EndProject
Project("{9A19103F-16F7-4668-BE54-9A1E7A4F7556}") = "JLTSoftware.FluentValidation.Validators.Polymorphic", "src\JLTSoftware.FluentValidation.Validators.Polymorphic\JLTSoftware.FluentValidation.Validators.Polymorphic.csproj", "{A6C84A53-F56A-4604-8553-70E97D2AC697}"
EndProject
Global
	GlobalSection(SolutionConfigurationPlatforms) = preSolution
		Debug|Any CPU = Debug|Any CPU
		Release|Any CPU = Release|Any CPU
	EndGlobalSection
	GlobalSection(ProjectConfigurationPlatforms) = postSolution
		{A6C84A53-F56A-4604-8553-70E97D2AC697}.Debug|Any CPU.ActiveCfg = Debug|Any CPU
		{A6C84A53-F56A-4604-8553-70E97D2AC697}.Debug|Any CPU.Build.0 = Debug|Any CPU
		{A6C84A53-F56A-4604-8553-70E97D2AC697}.Release|Any CPU.ActiveCfg = Release|Any CPU
		{A6C84A53-F56A-4604-8553-70E97D2AC697}.Release|Any CPU.Build.0 = Release|Any CPU
	EndGlobalSection
	GlobalSection(SolutionProperties) = preSolution
		HideSolutionNode = FALSE
	EndGlobalSection
	GlobalSection(NestedProjects) = preSolution
		{A6C84A53-F56A-4604-8553-70E97D2AC697} = {18DE22D4-DDF6-42FC-A96C-9BC29BA87651}
	EndGlobalSection
	GlobalSection(ExtensibilityGlobals) = postSolution
		SolutionGuid = {E06EA25E-6729-4E46-AEE0-96AE6AC59FDE}
	EndGlobalSection
EndGlobal
